
Microsoft Visual Studio Solution File, Format Version 12.00
# Visual Studio Version 17
VisualStudioVersion = 17.1.32328.378
MinimumVisualStudioVersion = 10.0.40219.1
Project("{9A19103F-16F7-4668-BE54-9A1E7A4F7556}") = "LeadScreenAssignment.Web", "LeadScreenAssignment\LeadScreenAssignment.Web.csproj", "{A7B5D080-E56D-4488-85C1-9828CC111606}"
EndProject
Project("{9A19103F-16F7-4668-BE54-9A1E7A4F7556}") = "LeadScreenAssignment.Persistence", "LeadScreenAssignment.Persistence\LeadScreenAssignment.Persistence.csproj", "{E1C81A00-5625-480D-B59D-0ECBA01833F6}"
EndProject
Project("{9A19103F-16F7-4668-BE54-9A1E7A4F7556}") = "LeadScreenAssignment.Core", "LeadScreenAssignment.Core\LeadScreenAssignment.Core.csproj", "{4A8C5FED-6B9C-4D4F-BC48-04D815FA73EA}"
EndProject
Project("{FAE04EC0-301F-11D3-BF4B-00C04F79EFBC}") = "LeadScreenAssignment.Business", "LeadScreenAssignment.Business\LeadScreenAssignment.Business.csproj", "{2E329D56-3E43-4E1F-8539-35BB108E97D4}"
EndProject
Global
	GlobalSection(SolutionConfigurationPlatforms) = preSolution
		Debug|Any CPU = Debug|Any CPU
		Release|Any CPU = Release|Any CPU
	EndGlobalSection
	GlobalSection(ProjectConfigurationPlatforms) = postSolution
		{A7B5D080-E56D-4488-85C1-9828CC111606}.Debug|Any CPU.ActiveCfg = Debug|Any CPU
		{A7B5D080-E56D-4488-85C1-9828CC111606}.Debug|Any CPU.Build.0 = Debug|Any CPU
		{A7B5D080-E56D-4488-85C1-9828CC111606}.Release|Any CPU.ActiveCfg = Release|Any CPU
		{A7B5D080-E56D-4488-85C1-9828CC111606}.Release|Any CPU.Build.0 = Release|Any CPU
		{E1C81A00-5625-480D-B59D-0ECBA01833F6}.Debug|Any CPU.ActiveCfg = Debug|Any CPU
		{E1C81A00-5625-480D-B59D-0ECBA01833F6}.Debug|Any CPU.Build.0 = Debug|Any CPU
		{E1C81A00-5625-480D-B59D-0ECBA01833F6}.Release|Any CPU.ActiveCfg = Release|Any CPU
		{E1C81A00-5625-480D-B59D-0ECBA01833F6}.Release|Any CPU.Build.0 = Release|Any CPU
		{4A8C5FED-6B9C-4D4F-BC48-04D815FA73EA}.Debug|Any CPU.ActiveCfg = Debug|Any CPU
		{4A8C5FED-6B9C-4D4F-BC48-04D815FA73EA}.Debug|Any CPU.Build.0 = Debug|Any CPU
		{4A8C5FED-6B9C-4D4F-BC48-04D815FA73EA}.Release|Any CPU.ActiveCfg = Release|Any CPU
		{4A8C5FED-6B9C-4D4F-BC48-04D815FA73EA}.Release|Any CPU.Build.0 = Release|Any CPU
		{2E329D56-3E43-4E1F-8539-35BB108E97D4}.Debug|Any CPU.ActiveCfg = Debug|Any CPU
		{2E329D56-3E43-4E1F-8539-35BB108E97D4}.Debug|Any CPU.Build.0 = Debug|Any CPU
		{2E329D56-3E43-4E1F-8539-35BB108E97D4}.Release|Any CPU.ActiveCfg = Release|Any CPU
		{2E329D56-3E43-4E1F-8539-35BB108E97D4}.Release|Any CPU.Build.0 = Release|Any CPU
	EndGlobalSection
	GlobalSection(SolutionProperties) = preSolution
		HideSolutionNode = FALSE
	EndGlobalSection
	GlobalSection(ExtensibilityGlobals) = postSolution
		SolutionGuid = {B1E7CE02-BA2E-4AC6-8331-519D7269C059}
	EndGlobalSection
EndGlobal
